
Microsoft Visual Studio Solution File, Format Version 12.00
# Visual Studio 14
VisualStudioVersion = 14.0.23107.0
MinimumVisualStudioVersion = 10.0.40219.1
Project("{2150E333-8FDC-42A3-9474-1A3956D46DE8}") = "Core", "Core", "{E69A602C-C08F-4055-A4F7-0929065214D1}"
EndProject
Project("{FAE04EC0-301F-11D3-BF4B-00C04F79EFBC}") = "SSD.Framework", "Framework\SSD.Framework\SSD.Framework.csproj", "{1FB77161-21BD-4AD7-B74E-904B52A00BE1}"
EndProject
Project("{FAE04EC0-301F-11D3-BF4B-00C04F79EFBC}") = "SSD.Sample", "SSD.Sample\SSD.Sample\SSD.Sample.csproj", "{F350C7EE-6CBE-4FF9-850E-95158960FC14}"
EndProject
Project("{FAE04EC0-301F-11D3-BF4B-00C04F79EFBC}") = "SSD.Web", "Framework\SSD.Web\SSD.Web.csproj", "{914B8B01-A84E-495A-AA98-EF60FAE009F7}"
EndProject
Project("{FAE04EC0-301F-11D3-BF4B-00C04F79EFBC}") = "SSD.Web.Mvc", "Framework\SSD.Web.Mvc\SSD.Web.Mvc.csproj", "{3F58B3C2-6D07-478D-B247-EB1DDA683725}"
EndProject
Project("{FAE04EC0-301F-11D3-BF4B-00C04F79EFBC}") = "SSD.Web.SSO", "Framework\SSD.Web.SSO\SSD.Web.SSO.csproj", "{A48F4712-4EC9-424F-BF75-D87AAB88F68C}"
EndProject
Project("{FAE04EC0-301F-11D3-BF4B-00C04F79EFBC}") = "SSD.Web.SSO.Mvc", "Framework\SSD.Web.SSO.Mvc\SSD.Web.SSO.Mvc.csproj", "{DD9C8691-2EC5-47EA-A982-A777D5267EE8}"
EndProject
Project("{FAE04EC0-301F-11D3-BF4B-00C04F79EFBC}") = "SSD.SSO.Sample", "SSD.Sample\SSD.SSO.Sample\SSD.SSO.Sample.csproj", "{125939FA-935D-4446-81D7-724BD4B73356}"
EndProject
Project("{FAE04EC0-301F-11D3-BF4B-00C04F79EFBC}") = "SSD.Web.UI", "Framework\SSD.Web.UI\SSD.Web.UI.csproj", "{39869D55-844B-4BBE-A34C-22E5E305FD0A}"
EndProject
Project("{FAE04EC0-301F-11D3-BF4B-00C04F79EFBC}") = "SSD.Web.UI.Test", "SSD.Sample\SSD.Web.UI.Test\SSD.Web.UI.Test.csproj", "{BAC2F992-449C-4EDA-90FE-266BFF5FE880}"
EndProject
Project("{D954291E-2A0B-460D-934E-DC6B0785DB48}") = "SSD.Framework.Shared", "Framework\SSD.Framework.Shared\SSD.Framework.Shared.shproj", "{917EB5F1-D71F-4E4F-97A6-C68704478B01}"
EndProject
Project("{FAE04EC0-301F-11D3-BF4B-00C04F79EFBC}") = "SSD.Framework.Portable", "Framework\SSD.Framework.Portable\SSD.Framework.Portable.csproj", "{8B4044B2-C9AD-4E2F-90EA-420F7A46D6B3}"
EndProject
Project("{FAE04EC0-301F-11D3-BF4B-00C04F79EFBC}") = "OAuth2Login", "SSD.Sample\OAuth2Login\OAuth2Login.csproj", "{6DD3F024-7FC2-4F1F-82FA-AC9841266BF5}"
EndProject
Project("{FAE04EC0-301F-11D3-BF4B-00C04F79EFBC}") = "SSD.SampleAPIs", "SSD.Sample\SSD.SampleAPIs\SSD.SampleAPIs.csproj", "{105E8ED0-0880-4116-8CCC-868A1F0205D8}"
EndProject
Project("{FAE04EC0-301F-11D3-BF4B-00C04F79EFBC}") = "SSD.SSO.SampleAPIs", "SSD.Sample\SSD.SSO.SampleAPIs\SSD.SSO.SampleAPIs.csproj", "{204589DD-A23B-41FD-A0A2-7BDDD32DEA4C}"
EndProject
Project("{FAE04EC0-301F-11D3-BF4B-00C04F79EFBC}") = "AccessTokenValidation", "Framework\AccessTokenValidation\AccessTokenValidation.csproj", "{DF867B5D-3A9E-443A-B95E-D8F11E2A88A3}"
EndProject
Project("{FAE04EC0-301F-11D3-BF4B-00C04F79EFBC}") = "SSD.Mappers", "Framework\SSD.Mappers\SSD.Mappers.csproj", "{1FD1B26B-82A4-4611-9030-43A77113B3ED}"
EndProject
Project("{FAE04EC0-301F-11D3-BF4B-00C04F79EFBC}") = "SSD.Web.WebApi", "Framework\SSD.Web.WebApi\SSD.Web.WebApi.csproj", "{121B2016-6175-4D5D-A5C9-B455F41CED8C}"
EndProject
Global
	GlobalSection(SharedMSBuildProjectFiles) = preSolution
		Framework\SSD.Framework.Shared\SSD.Framework.Shared.projitems*{917eb5f1-d71f-4e4f-97a6-c68704478b01}*SharedItemsImports = 13
		Framework\SSD.Framework.Shared\SSD.Framework.Shared.projitems*{1fb77161-21bd-4ad7-b74e-904b52a00be1}*SharedItemsImports = 4
		Framework\SSD.Framework.Shared\SSD.Framework.Shared.projitems*{8b4044b2-c9ad-4e2f-90ea-420f7a46d6b3}*SharedItemsImports = 4
	EndGlobalSection
	GlobalSection(SolutionConfigurationPlatforms) = preSolution
		Debug|Any CPU = Debug|Any CPU
		Release|Any CPU = Release|Any CPU
	EndGlobalSection
	GlobalSection(ProjectConfigurationPlatforms) = postSolution
		{1FB77161-21BD-4AD7-B74E-904B52A00BE1}.Debug|Any CPU.ActiveCfg = Debug|Any CPU
		{1FB77161-21BD-4AD7-B74E-904B52A00BE1}.Debug|Any CPU.Build.0 = Debug|Any CPU
		{1FB77161-21BD-4AD7-B74E-904B52A00BE1}.Release|Any CPU.ActiveCfg = Release|Any CPU
		{1FB77161-21BD-4AD7-B74E-904B52A00BE1}.Release|Any CPU.Build.0 = Release|Any CPU
		{F350C7EE-6CBE-4FF9-850E-95158960FC14}.Debug|Any CPU.ActiveCfg = Debug|Any CPU
		{F350C7EE-6CBE-4FF9-850E-95158960FC14}.Debug|Any CPU.Build.0 = Debug|Any CPU
		{F350C7EE-6CBE-4FF9-850E-95158960FC14}.Release|Any CPU.ActiveCfg = Release|Any CPU
		{F350C7EE-6CBE-4FF9-850E-95158960FC14}.Release|Any CPU.Build.0 = Release|Any CPU
		{914B8B01-A84E-495A-AA98-EF60FAE009F7}.Debug|Any CPU.ActiveCfg = Debug|Any CPU
		{914B8B01-A84E-495A-AA98-EF60FAE009F7}.Debug|Any CPU.Build.0 = Debug|Any CPU
		{914B8B01-A84E-495A-AA98-EF60FAE009F7}.Release|Any CPU.ActiveCfg = Release|Any CPU
		{914B8B01-A84E-495A-AA98-EF60FAE009F7}.Release|Any CPU.Build.0 = Release|Any CPU
		{3F58B3C2-6D07-478D-B247-EB1DDA683725}.Debug|Any CPU.ActiveCfg = Debug|Any CPU
		{3F58B3C2-6D07-478D-B247-EB1DDA683725}.Debug|Any CPU.Build.0 = Debug|Any CPU
		{3F58B3C2-6D07-478D-B247-EB1DDA683725}.Release|Any CPU.ActiveCfg = Release|Any CPU
		{3F58B3C2-6D07-478D-B247-EB1DDA683725}.Release|Any CPU.Build.0 = Release|Any CPU
		{A48F4712-4EC9-424F-BF75-D87AAB88F68C}.Debug|Any CPU.ActiveCfg = Debug|Any CPU
		{A48F4712-4EC9-424F-BF75-D87AAB88F68C}.Debug|Any CPU.Build.0 = Debug|Any CPU
		{A48F4712-4EC9-424F-BF75-D87AAB88F68C}.Release|Any CPU.ActiveCfg = Release|Any CPU
		{A48F4712-4EC9-424F-BF75-D87AAB88F68C}.Release|Any CPU.Build.0 = Release|Any CPU
		{DD9C8691-2EC5-47EA-A982-A777D5267EE8}.Debug|Any CPU.ActiveCfg = Debug|Any CPU
		{DD9C8691-2EC5-47EA-A982-A777D5267EE8}.Debug|Any CPU.Build.0 = Debug|Any CPU
		{DD9C8691-2EC5-47EA-A982-A777D5267EE8}.Release|Any CPU.ActiveCfg = Release|Any CPU
		{DD9C8691-2EC5-47EA-A982-A777D5267EE8}.Release|Any CPU.Build.0 = Release|Any CPU
		{125939FA-935D-4446-81D7-724BD4B73356}.Debug|Any CPU.ActiveCfg = Debug|Any CPU
		{125939FA-935D-4446-81D7-724BD4B73356}.Debug|Any CPU.Build.0 = Debug|Any CPU
		{125939FA-935D-4446-81D7-724BD4B73356}.Release|Any CPU.ActiveCfg = Release|Any CPU
		{125939FA-935D-4446-81D7-724BD4B73356}.Release|Any CPU.Build.0 = Release|Any CPU
		{39869D55-844B-4BBE-A34C-22E5E305FD0A}.Debug|Any CPU.ActiveCfg = Debug|Any CPU
		{39869D55-844B-4BBE-A34C-22E5E305FD0A}.Debug|Any CPU.Build.0 = Debug|Any CPU
		{39869D55-844B-4BBE-A34C-22E5E305FD0A}.Release|Any CPU.ActiveCfg = Release|Any CPU
		{39869D55-844B-4BBE-A34C-22E5E305FD0A}.Release|Any CPU.Build.0 = Release|Any CPU
		{BAC2F992-449C-4EDA-90FE-266BFF5FE880}.Debug|Any CPU.ActiveCfg = Debug|Any CPU
		{BAC2F992-449C-4EDA-90FE-266BFF5FE880}.Debug|Any CPU.Build.0 = Debug|Any CPU
		{BAC2F992-449C-4EDA-90FE-266BFF5FE880}.Release|Any CPU.ActiveCfg = Release|Any CPU
		{BAC2F992-449C-4EDA-90FE-266BFF5FE880}.Release|Any CPU.Build.0 = Release|Any CPU
		{8B4044B2-C9AD-4E2F-90EA-420F7A46D6B3}.Debug|Any CPU.ActiveCfg = Debug|Any CPU
		{8B4044B2-C9AD-4E2F-90EA-420F7A46D6B3}.Debug|Any CPU.Build.0 = Debug|Any CPU
		{8B4044B2-C9AD-4E2F-90EA-420F7A46D6B3}.Release|Any CPU.ActiveCfg = Release|Any CPU
		{8B4044B2-C9AD-4E2F-90EA-420F7A46D6B3}.Release|Any CPU.Build.0 = Release|Any CPU
		{6DD3F024-7FC2-4F1F-82FA-AC9841266BF5}.Debug|Any CPU.ActiveCfg = Debug|Any CPU
		{6DD3F024-7FC2-4F1F-82FA-AC9841266BF5}.Debug|Any CPU.Build.0 = Debug|Any CPU
		{6DD3F024-7FC2-4F1F-82FA-AC9841266BF5}.Release|Any CPU.ActiveCfg = Release|Any CPU
		{6DD3F024-7FC2-4F1F-82FA-AC9841266BF5}.Release|Any CPU.Build.0 = Release|Any CPU
		{105E8ED0-0880-4116-8CCC-868A1F0205D8}.Debug|Any CPU.ActiveCfg = Debug|Any CPU
		{105E8ED0-0880-4116-8CCC-868A1F0205D8}.Debug|Any CPU.Build.0 = Debug|Any CPU
		{105E8ED0-0880-4116-8CCC-868A1F0205D8}.Release|Any CPU.ActiveCfg = Release|Any CPU
		{105E8ED0-0880-4116-8CCC-868A1F0205D8}.Release|Any CPU.Build.0 = Release|Any CPU
		{204589DD-A23B-41FD-A0A2-7BDDD32DEA4C}.Debug|Any CPU.ActiveCfg = Debug|Any CPU
		{204589DD-A23B-41FD-A0A2-7BDDD32DEA4C}.Debug|Any CPU.Build.0 = Debug|Any CPU
		{204589DD-A23B-41FD-A0A2-7BDDD32DEA4C}.Release|Any CPU.ActiveCfg = Release|Any CPU
		{204589DD-A23B-41FD-A0A2-7BDDD32DEA4C}.Release|Any CPU.Build.0 = Release|Any CPU
		{DF867B5D-3A9E-443A-B95E-D8F11E2A88A3}.Debug|Any CPU.ActiveCfg = Debug|Any CPU
		{DF867B5D-3A9E-443A-B95E-D8F11E2A88A3}.Debug|Any CPU.Build.0 = Debug|Any CPU
		{DF867B5D-3A9E-443A-B95E-D8F11E2A88A3}.Release|Any CPU.ActiveCfg = Release|Any CPU
		{DF867B5D-3A9E-443A-B95E-D8F11E2A88A3}.Release|Any CPU.Build.0 = Release|Any CPU
		{1FD1B26B-82A4-4611-9030-43A77113B3ED}.Debug|Any CPU.ActiveCfg = Debug|Any CPU
		{1FD1B26B-82A4-4611-9030-43A77113B3ED}.Debug|Any CPU.Build.0 = Debug|Any CPU
		{1FD1B26B-82A4-4611-9030-43A77113B3ED}.Release|Any CPU.ActiveCfg = Release|Any CPU
		{1FD1B26B-82A4-4611-9030-43A77113B3ED}.Release|Any CPU.Build.0 = Release|Any CPU
		{121B2016-6175-4D5D-A5C9-B455F41CED8C}.Debug|Any CPU.ActiveCfg = Debug|Any CPU
		{121B2016-6175-4D5D-A5C9-B455F41CED8C}.Debug|Any CPU.Build.0 = Debug|Any CPU
		{121B2016-6175-4D5D-A5C9-B455F41CED8C}.Release|Any CPU.ActiveCfg = Release|Any CPU
		{121B2016-6175-4D5D-A5C9-B455F41CED8C}.Release|Any CPU.Build.0 = Release|Any CPU
	EndGlobalSection
	GlobalSection(SolutionProperties) = preSolution
		HideSolutionNode = FALSE
	EndGlobalSection
	GlobalSection(NestedProjects) = preSolution
		{1FB77161-21BD-4AD7-B74E-904B52A00BE1} = {E69A602C-C08F-4055-A4F7-0929065214D1}
		{914B8B01-A84E-495A-AA98-EF60FAE009F7} = {E69A602C-C08F-4055-A4F7-0929065214D1}
		{3F58B3C2-6D07-478D-B247-EB1DDA683725} = {E69A602C-C08F-4055-A4F7-0929065214D1}
		{A48F4712-4EC9-424F-BF75-D87AAB88F68C} = {E69A602C-C08F-4055-A4F7-0929065214D1}
		{DD9C8691-2EC5-47EA-A982-A777D5267EE8} = {E69A602C-C08F-4055-A4F7-0929065214D1}
		{39869D55-844B-4BBE-A34C-22E5E305FD0A} = {E69A602C-C08F-4055-A4F7-0929065214D1}
		{917EB5F1-D71F-4E4F-97A6-C68704478B01} = {E69A602C-C08F-4055-A4F7-0929065214D1}
		{8B4044B2-C9AD-4E2F-90EA-420F7A46D6B3} = {E69A602C-C08F-4055-A4F7-0929065214D1}
		{DF867B5D-3A9E-443A-B95E-D8F11E2A88A3} = {E69A602C-C08F-4055-A4F7-0929065214D1}
		{1FD1B26B-82A4-4611-9030-43A77113B3ED} = {E69A602C-C08F-4055-A4F7-0929065214D1}
		{121B2016-6175-4D5D-A5C9-B455F41CED8C} = {E69A602C-C08F-4055-A4F7-0929065214D1}
	EndGlobalSection
EndGlobal
