
Microsoft Visual Studio Solution File, Format Version 12.00
# Visual Studio 14
VisualStudioVersion = 14.0.23107.0
MinimumVisualStudioVersion = 10.0.40219.1
Project("{2150E333-8FDC-42A3-9474-1A3956D46DE8}") = "Core", "Core", "{E69A602C-C08F-4055-A4F7-0929065214D1}"
EndProject
Project("{FAE04EC0-301F-11D3-BF4B-00C04F79EFBC}") = "Core.EntityFramework", "SSO\Core.EntityFramework\Core.EntityFramework.csproj", "{D4C0430D-3B41-422A-B1A6-BA6C68400FF1}"
EndProject
Project("{FAE04EC0-301F-11D3-BF4B-00C04F79EFBC}") = "SSD.SSO", "SSO\SSD.SSO\SSD.SSO.csproj", "{C1A8D50A-B60D-4989-982E-5168F5C3BFBE}"
EndProject
Project("{FAE04EC0-301F-11D3-BF4B-00C04F79EFBC}") = "SSOWeb", "SSO\SSOWeb\SSOWeb.csproj", "{F350C7EE-6CBE-4FF9-850E-95158960FC14}"
EndProject
Project("{FAE04EC0-301F-11D3-BF4B-00C04F79EFBC}") = "SSD.Framework", "Framework\SSD.Framework\SSD.Framework.csproj", "{1FB77161-21BD-4AD7-B74E-904B52A00BE1}"
EndProject
Project("{D954291E-2A0B-460D-934E-DC6B0785DB48}") = "SSD.Framework.Shared", "Framework\SSD.Framework.Shared\SSD.Framework.Shared.shproj", "{917EB5F1-D71F-4E4F-97A6-C68704478B01}"
EndProject
Global
	GlobalSection(SharedMSBuildProjectFiles) = preSolution
		Framework\SSD.Framework.Shared\SSD.Framework.Shared.projitems*{917eb5f1-d71f-4e4f-97a6-c68704478b01}*SharedItemsImports = 13
		Framework\SSD.Framework.Shared\SSD.Framework.Shared.projitems*{1fb77161-21bd-4ad7-b74e-904b52a00be1}*SharedItemsImports = 4
	EndGlobalSection
	GlobalSection(SolutionConfigurationPlatforms) = preSolution
		Debug|Any CPU = Debug|Any CPU
		Release|Any CPU = Release|Any CPU
	EndGlobalSection
	GlobalSection(ProjectConfigurationPlatforms) = postSolution
		{D4C0430D-3B41-422A-B1A6-BA6C68400FF1}.Debug|Any CPU.ActiveCfg = Debug|Any CPU
		{D4C0430D-3B41-422A-B1A6-BA6C68400FF1}.Debug|Any CPU.Build.0 = Debug|Any CPU
		{D4C0430D-3B41-422A-B1A6-BA6C68400FF1}.Release|Any CPU.ActiveCfg = Release|Any CPU
		{D4C0430D-3B41-422A-B1A6-BA6C68400FF1}.Release|Any CPU.Build.0 = Release|Any CPU
		{C1A8D50A-B60D-4989-982E-5168F5C3BFBE}.Debug|Any CPU.ActiveCfg = Debug|Any CPU
		{C1A8D50A-B60D-4989-982E-5168F5C3BFBE}.Debug|Any CPU.Build.0 = Debug|Any CPU
		{C1A8D50A-B60D-4989-982E-5168F5C3BFBE}.Release|Any CPU.ActiveCfg = Release|Any CPU
		{C1A8D50A-B60D-4989-982E-5168F5C3BFBE}.Release|Any CPU.Build.0 = Release|Any CPU
		{F350C7EE-6CBE-4FF9-850E-95158960FC14}.Debug|Any CPU.ActiveCfg = Debug|Any CPU
		{F350C7EE-6CBE-4FF9-850E-95158960FC14}.Debug|Any CPU.Build.0 = Debug|Any CPU
		{F350C7EE-6CBE-4FF9-850E-95158960FC14}.Release|Any CPU.ActiveCfg = Release|Any CPU
		{F350C7EE-6CBE-4FF9-850E-95158960FC14}.Release|Any CPU.Build.0 = Release|Any CPU
		{1FB77161-21BD-4AD7-B74E-904B52A00BE1}.Debug|Any CPU.ActiveCfg = Debug|Any CPU
		{1FB77161-21BD-4AD7-B74E-904B52A00BE1}.Debug|Any CPU.Build.0 = Debug|Any CPU
		{1FB77161-21BD-4AD7-B74E-904B52A00BE1}.Release|Any CPU.ActiveCfg = Release|Any CPU
		{1FB77161-21BD-4AD7-B74E-904B52A00BE1}.Release|Any CPU.Build.0 = Release|Any CPU
	EndGlobalSection
	GlobalSection(SolutionProperties) = preSolution
		HideSolutionNode = FALSE
	EndGlobalSection
	GlobalSection(NestedProjects) = preSolution
		{D4C0430D-3B41-422A-B1A6-BA6C68400FF1} = {E69A602C-C08F-4055-A4F7-0929065214D1}
		{C1A8D50A-B60D-4989-982E-5168F5C3BFBE} = {E69A602C-C08F-4055-A4F7-0929065214D1}
		{1FB77161-21BD-4AD7-B74E-904B52A00BE1} = {E69A602C-C08F-4055-A4F7-0929065214D1}
		{917EB5F1-D71F-4E4F-97A6-C68704478B01} = {E69A602C-C08F-4055-A4F7-0929065214D1}
	EndGlobalSection
EndGlobal
